
Microsoft Visual Studio Solution File, Format Version 12.00
# Visual Studio 15
VisualStudioVersion = 15.0.27130.2020
MinimumVisualStudioVersion = 10.0.40219.1
Project("{FAE04EC0-301F-11D3-BF4B-00C04F79EFBC}") = "CS322-PZ", "CS322-PZ\CS322-PZ.csproj", "{DA0AD6FD-04CC-4279-92F1-1AFD52A45A5B}"
EndProject
Global
	GlobalSection(SolutionConfigurationPlatforms) = preSolution
		Debug|Any CPU = Debug|Any CPU
		Release|Any CPU = Release|Any CPU
	EndGlobalSection
	GlobalSection(ProjectConfigurationPlatforms) = postSolution
		{DA0AD6FD-04CC-4279-92F1-1AFD52A45A5B}.Debug|Any CPU.ActiveCfg = Debug|Any CPU
		{DA0AD6FD-04CC-4279-92F1-1AFD52A45A5B}.Debug|Any CPU.Build.0 = Debug|Any CPU
		{DA0AD6FD-04CC-4279-92F1-1AFD52A45A5B}.Release|Any CPU.ActiveCfg = Release|Any CPU
		{DA0AD6FD-04CC-4279-92F1-1AFD52A45A5B}.Release|Any CPU.Build.0 = Release|Any CPU
	EndGlobalSection
	GlobalSection(SolutionProperties) = preSolution
		HideSolutionNode = FALSE
	EndGlobalSection
	GlobalSection(ExtensibilityGlobals) = postSolution
		SolutionGuid = {BD0546A1-8329-416C-ABF4-05168C09C850}
	EndGlobalSection
EndGlobal
